
Microsoft Visual Studio Solution File, Format Version 12.00
# Visual Studio 14
VisualStudioVersion = 14.0.25420.1
MinimumVisualStudioVersion = 10.0.40219.1
Project("{FAE04EC0-301F-11D3-BF4B-00C04F79EFBC}") = "TWOWBot - csharp edition", "TWOWBot - csharp edition\TWOWBot - csharp edition.csproj", "{4F5D3DDB-2E8C-4BE7-B32F-BA75D3D9793A}"
EndProject
Global
	GlobalSection(SolutionConfigurationPlatforms) = preSolution
		Debug|Any CPU = Debug|Any CPU
		Release|Any CPU = Release|Any CPU
	EndGlobalSection
	GlobalSection(ProjectConfigurationPlatforms) = postSolution
		{4F5D3DDB-2E8C-4BE7-B32F-BA75D3D9793A}.Debug|Any CPU.ActiveCfg = Debug|Any CPU
		{4F5D3DDB-2E8C-4BE7-B32F-BA75D3D9793A}.Debug|Any CPU.Build.0 = Debug|Any CPU
		{4F5D3DDB-2E8C-4BE7-B32F-BA75D3D9793A}.Release|Any CPU.ActiveCfg = Release|Any CPU
		{4F5D3DDB-2E8C-4BE7-B32F-BA75D3D9793A}.Release|Any CPU.Build.0 = Release|Any CPU
	EndGlobalSection
	GlobalSection(SolutionProperties) = preSolution
		HideSolutionNode = FALSE
	EndGlobalSection
EndGlobal
